// !$*UTF8*$!
{
	archiveVersion = 1;
	classes = {
	};
	objectVersion = 46;
	objects = {

/* Begin PBXBuildFile section */
		903781171D26CDA500707915 /* main.cpp in Sources */ = {isa = PBXBuildFile; fileRef = 903781161D26CDA500707915 /* main.cpp */; };
		903781281D26CE6100707915 /* BaseGameEntity.cpp in Sources */ = {isa = PBXBuildFile; fileRef = 9037811D1D26CE6100707915 /* BaseGameEntity.cpp */; };
		903781291D26CE6100707915 /* Miner.cpp in Sources */ = {isa = PBXBuildFile; fileRef = 903781201D26CE6100707915 /* Miner.cpp */; };
		9037812A1D26CE6100707915 /* MinerOwnedStates.cpp in Sources */ = {isa = PBXBuildFile; fileRef = 903781221D26CE6100707915 /* MinerOwnedStates.cpp */; };
		9037812B1D26CE6100707915 /* MyClass.cpp in Sources */ = {isa = PBXBuildFile; fileRef = 903781241D26CE6100707915 /* MyClass.cpp */; };
		9037812C1D26CE6100707915 /* State.cpp in Sources */ = {isa = PBXBuildFile; fileRef = 903781261D26CE6100707915 /* State.cpp */; };
/* End PBXBuildFile section */

/* Begin PBXCopyFilesBuildPhase section */
		903781111D26CDA500707915 /* CopyFiles */ = {
			isa = PBXCopyFilesBuildPhase;
			buildActionMask = 2147483647;
			dstPath = /usr/share/man/man1/;
			dstSubfolderSpec = 0;
			files = (
			);
			runOnlyForDeploymentPostprocessing = 1;
		};
/* End PBXCopyFilesBuildPhase section */

/* Begin PBXFileReference section */
		903781131D26CDA500707915 /* WestWorld */ = {isa = PBXFileReference; explicitFileType = "compiled.mach-o.executable"; includeInIndex = 0; path = WestWorld; sourceTree = BUILT_PRODUCTS_DIR; };
		903781161D26CDA500707915 /* main.cpp */ = {isa = PBXFileReference; lastKnownFileType = sourcecode.cpp.cpp; path = main.cpp; sourceTree = "<group>"; };
		9037811D1D26CE6100707915 /* BaseGameEntity.cpp */ = {isa = PBXFileReference; fileEncoding = 4; lastKnownFileType = sourcecode.cpp.cpp; path = BaseGameEntity.cpp; sourceTree = "<group>"; };
		9037811E1D26CE6100707915 /* BaseGameEntity.h */ = {isa = PBXFileReference; fileEncoding = 4; lastKnownFileType = sourcecode.c.h; path = BaseGameEntity.h; sourceTree = "<group>"; };
		9037811F1D26CE6100707915 /* Locations.h */ = {isa = PBXFileReference; fileEncoding = 4; lastKnownFileType = sourcecode.c.h; path = Locations.h; sourceTree = "<group>"; };
		903781201D26CE6100707915 /* Miner.cpp */ = {isa = PBXFileReference; fileEncoding = 4; lastKnownFileType = sourcecode.cpp.cpp; path = Miner.cpp; sourceTree = "<group>"; };
		903781211D26CE6100707915 /* Miner.h */ = {isa = PBXFileReference; fileEncoding = 4; lastKnownFileType = sourcecode.c.h; path = Miner.h; sourceTree = "<group>"; };
		903781221D26CE6100707915 /* MinerOwnedStates.cpp */ = {isa = PBXFileReference; fileEncoding = 4; lastKnownFileType = sourcecode.cpp.cpp; path = MinerOwnedStates.cpp; sourceTree = "<group>"; };
		903781231D26CE6100707915 /* MinerOwnedStates.h */ = {isa = PBXFileReference; fileEncoding = 4; lastKnownFileType = sourcecode.c.h; path = MinerOwnedStates.h; sourceTree = "<group>"; };
		903781241D26CE6100707915 /* MyClass.cpp */ = {isa = PBXFileReference; fileEncoding = 4; lastKnownFileType = sourcecode.cpp.cpp; path = MyClass.cpp; sourceTree = "<group>"; };
		903781251D26CE6100707915 /* MyClass.h */ = {isa = PBXFileReference; fileEncoding = 4; lastKnownFileType = sourcecode.c.h; path = MyClass.h; sourceTree = "<group>"; };
		903781261D26CE6100707915 /* State.cpp */ = {isa = PBXFileReference; fileEncoding = 4; lastKnownFileType = sourcecode.cpp.cpp; path = State.cpp; sourceTree = "<group>"; };
		903781271D26CE6100707915 /* State.h */ = {isa = PBXFileReference; fileEncoding = 4; lastKnownFileType = sourcecode.c.h; path = State.h; sourceTree = "<group>"; };
/* End PBXFileReference section */

/* Begin PBXFrameworksBuildPhase section */
		903781101D26CDA500707915 /* Frameworks */ = {
			isa = PBXFrameworksBuildPhase;
			buildActionMask = 2147483647;
			files = (
			);
			runOnlyForDeploymentPostprocessing = 0;
		};
/* End PBXFrameworksBuildPhase section */

/* Begin PBXGroup section */
		9037810A1D26CDA500707915 = {
			isa = PBXGroup;
			children = (
				903781151D26CDA500707915 /* WestWorld */,
				903781141D26CDA500707915 /* Products */,
			);
			sourceTree = "<group>";
		};
		903781141D26CDA500707915 /* Products */ = {
			isa = PBXGroup;
			children = (
				903781131D26CDA500707915 /* WestWorld */,
			);
			name = Products;
			sourceTree = "<group>";
		};
		903781151D26CDA500707915 /* WestWorld */ = {
			isa = PBXGroup;
			children = (
				9037811D1D26CE6100707915 /* BaseGameEntity.cpp */,
				9037811E1D26CE6100707915 /* BaseGameEntity.h */,
				9037811F1D26CE6100707915 /* Locations.h */,
				903781201D26CE6100707915 /* Miner.cpp */,
				903781211D26CE6100707915 /* Miner.h */,
				903781221D26CE6100707915 /* MinerOwnedStates.cpp */,
				903781231D26CE6100707915 /* MinerOwnedStates.h */,
				903781241D26CE6100707915 /* MyClass.cpp */,
				903781251D26CE6100707915 /* MyClass.h */,
				903781261D26CE6100707915 /* State.cpp */,
				903781271D26CE6100707915 /* State.h */,
				903781161D26CDA500707915 /* main.cpp */,
			);
			path = WestWorld;
			sourceTree = "<group>";
		};
/* End PBXGroup section */

/* Begin PBXNativeTarget section */
		903781121D26CDA500707915 /* WestWorld */ = {
			isa = PBXNativeTarget;
			buildConfigurationList = 9037811A1D26CDA500707915 /* Build configuration list for PBXNativeTarget "WestWorld" */;
			buildPhases = (
				9037810F1D26CDA500707915 /* Sources */,
				903781101D26CDA500707915 /* Frameworks */,
				903781111D26CDA500707915 /* CopyFiles */,
			);
			buildRules = (
			);
			dependencies = (
			);
			name = WestWorld;
			productName = WestWorld;
			productReference = 903781131D26CDA500707915 /* WestWorld */;
			productType = "com.apple.product-type.tool";
		};
/* End PBXNativeTarget section */

/* Begin PBXProject section */
		9037810B1D26CDA500707915 /* Project object */ = {
			isa = PBXProject;
			attributes = {
				LastUpgradeCheck = 0720;
				ORGANIZATIONNAME = wucy;
				TargetAttributes = {
					903781121D26CDA500707915 = {
						CreatedOnToolsVersion = 7.2;
					};
				};
			};
			buildConfigurationList = 9037810E1D26CDA500707915 /* Build configuration list for PBXProject "WestWorld" */;
			compatibilityVersion = "Xcode 3.2";
			developmentRegion = English;
			hasScannedForEncodings = 0;
			knownRegions = (
				en,
			);
			mainGroup = 9037810A1D26CDA500707915;
			productRefGroup = 903781141D26CDA500707915 /* Products */;
			projectDirPath = "";
			projectRoot = "";
			targets = (
				903781121D26CDA500707915 /* WestWorld */,
			);
		};
/* End PBXProject section */

/* Begin PBXSourcesBuildPhase section */
		9037810F1D26CDA500707915 /* Sources */ = {
			isa = PBXSourcesBuildPhase;
			buildActionMask = 2147483647;
			files = (
				903781291D26CE6100707915 /* Miner.cpp in Sources */,
				9037812A1D26CE6100707915 /* MinerOwnedStates.cpp in Sources */,
				903781171D26CDA500707915 /* main.cpp in Sources */,
				9037812B1D26CE6100707915 /* MyClass.cpp in Sources */,
				903781281D26CE6100707915 /* BaseGameEntity.cpp in Sources */,
				9037812C1D26CE6100707915 /* State.cpp in Sources */,
			);
			runOnlyForDeploymentPostprocessing = 0;
		};
/* End PBXSourcesBuildPhase section */

/* Begin XCBuildConfiguration section */
		903781181D26CDA500707915 /* Debug */ = {
			isa = XCBuildConfiguration;
			buildSettings = {
				ALWAYS_SEARCH_USER_PATHS = NO;
				CLANG_CXX_LANGUAGE_STANDARD = "gnu++0x";
				CLANG_CXX_LIBRARY = "libc++";
				CLANG_ENABLE_MODULES = YES;
				CLANG_ENABLE_OBJC_ARC = YES;
				CLANG_WARN_BOOL_CONVERSION = YES;
				CLANG_WARN_CONSTANT_CONVERSION = YES;
				CLANG_WARN_DIRECT_OBJC_ISA_USAGE = YES_ERROR;
				CLANG_WARN_EMPTY_BODY = YES;
				CLANG_WARN_ENUM_CONVERSION = YES;
				CLANG_WARN_INT_CONVERSION = YES;
				CLANG_WARN_OBJC_ROOT_CLASS = YES_ERROR;
				CLANG_WARN_UNREACHABLE_CODE = YES;
				CLANG_WARN__DUPLICATE_METHOD_MATCH = YES;
				CODE_SIGN_IDENTITY = "-";
				COPY_PHASE_STRIP = NO;
				DEBUG_INFORMATION_FORMAT = dwarf;
				ENABLE_STRICT_OBJC_MSGSEND = YES;
				ENABLE_TESTABILITY = YES;
				GCC_C_LANGUAGE_STANDARD = gnu99;
				GCC_DYNAMIC_NO_PIC = NO;
				GCC_NO_COMMON_BLOCKS = YES;
				GCC_OPTIMIZATION_LEVEL = 0;
				GCC_PREPROCESSOR_DEFINITIONS = (
					"DEBUG=1",
					"$(inherited)",
				);
				GCC_WARN_64_TO_32_BIT_CONVERSION = YES;
				GCC_WARN_ABOUT_RETURN_TYPE = YES_ERROR;
				GCC_WARN_UNDECLARED_SELECTOR = YES;
				GCC_WARN_UNINITIALIZED_AUTOS = YES_AGGRESSIVE;
				GCC_WARN_UNUSED_FUNCTION = YES;
				GCC_WARN_UNUSED_VARIABLE = YES;
				MACOSX_DEPLOYMENT_TARGET = 10.10;
				MTL_ENABLE_DEBUG_INFO = YES;
				ONLY_ACTIVE_ARCH = YES;
				SDKROOT = macosx;
			};
			name = Debug;
		};
		903781191D26CDA500707915 /* Release */ = {
			isa = XCBuildConfiguration;
			buildSettings = {
				ALWAYS_SEARCH_USER_PATHS = NO;
				CLANG_CXX_LANGUAGE_STANDARD = "gnu++0x";
				CLANG_CXX_LIBRARY = "libc++";
				CLANG_ENABLE_MODULES = YES;
				CLANG_ENABLE_OBJC_ARC = YES;
				CLANG_WARN_BOOL_CONVERSION = YES;
				CLANG_WARN_CONSTANT_CONVERSION = YES;
				CLANG_WARN_DIRECT_OBJC_ISA_USAGE = YES_ERROR;
				CLANG_WARN_EMPTY_BODY = YES;
				CLANG_WARN_ENUM_CONVERSION = YES;
				CLANG_WARN_INT_CONVERSION = YES;
				CLANG_WARN_OBJC_ROOT_CLASS = YES_ERROR;
				CLANG_WARN_UNREACHABLE_CODE = YES;
				CLANG_WARN__DUPLICATE_METHOD_MATCH = YES;
				CODE_SIGN_IDENTITY = "-";
				COPY_PHASE_STRIP = NO;
				DEBUG_INFORMATION_FORMAT = "dwarf-with-dsym";
				ENABLE_NS_ASSERTIONS = NO;
				ENABLE_STRICT_OBJC_MSGSEND = YES;
				GCC_C_LANGUAGE_STANDARD = gnu99;
				GCC_NO_COMMON_BLOCKS = YES;
				GCC_WARN_64_TO_32_BIT_CONVERSION = YES;
				GCC_WARN_ABOUT_RETURN_TYPE = YES_ERROR;
				GCC_WARN_UNDECLARED_SELECTOR = YES;
				GCC_WARN_UNINITIALIZED_AUTOS = YES_AGGRESSIVE;
				GCC_WARN_UNUSED_FUNCTION = YES;
				GCC_WARN_UNUSED_VARIABLE = YES;
				MACOSX_DEPLOYMENT_TARGET = 10.10;
				MTL_ENABLE_DEBUG_INFO = NO;
				SDKROOT = macosx;
			};
			name = Release;
		};
		9037811B1D26CDA500707915 /* Debug */ = {
			isa = XCBuildConfiguration;
			buildSettings = {
				PRODUCT_NAME = "$(TARGET_NAME)";
			};
			name = Debug;
		};
		9037811C1D26CDA500707915 /* Release */ = {
			isa = XCBuildConfiguration;
			buildSettings = {
				PRODUCT_NAME = "$(TARGET_NAME)";
			};
			name = Release;
		};
/* End XCBuildConfiguration section */

/* Begin XCConfigurationList section */
		9037810E1D26CDA500707915 /* Build configuration list for PBXProject "WestWorld" */ = {
			isa = XCConfigurationList;
			buildConfigurations = (
				903781181D26CDA500707915 /* Debug */,
				903781191D26CDA500707915 /* Release */,
			);
			defaultConfigurationIsVisible = 0;
			defaultConfigurationName = Release;
		};
		9037811A1D26CDA500707915 /* Build configuration list for PBXNativeTarget "WestWorld" */ = {
			isa = XCConfigurationList;
			buildConfigurations = (
				9037811B1D26CDA500707915 /* Debug */,
				9037811C1D26CDA500707915 /* Release */,
			);
			defaultConfigurationIsVisible = 0;
		};
/* End XCConfigurationList section */
	};
	rootObject = 9037810B1D26CDA500707915 /* Project object */;
}
