// !$*UTF8*$!
{
	archiveVersion = 1;
	classes = {
	};
	objectVersion = 46;
	objects = {

/* Begin PBXBuildFile section */
		905749031D2801540003ABF0 /* BaseGameEntity.cpp in Sources */ = {isa = PBXBuildFile; fileRef = 905748F51D2801540003ABF0 /* BaseGameEntity.cpp */; };
		905749041D2801540003ABF0 /* main.cpp in Sources */ = {isa = PBXBuildFile; fileRef = 905748FA1D2801540003ABF0 /* main.cpp */; };
		905749051D2801540003ABF0 /* Miner.cpp in Sources */ = {isa = PBXBuildFile; fileRef = 905748FB1D2801540003ABF0 /* Miner.cpp */; };
		905749061D2801540003ABF0 /* MinerOwnedStates.cpp in Sources */ = {isa = PBXBuildFile; fileRef = 905748FD1D2801540003ABF0 /* MinerOwnedStates.cpp */; };
		905749071D2801540003ABF0 /* MyClass.cpp in Sources */ = {isa = PBXBuildFile; fileRef = 905748FF1D2801540003ABF0 /* MyClass.cpp */; };
		905749081D2801540003ABF0 /* State.cpp in Sources */ = {isa = PBXBuildFile; fileRef = 905749011D2801540003ABF0 /* State.cpp */; };
		905749241D2805080003ABF0 /* BaseGameEntity.cpp in Sources */ = {isa = PBXBuildFile; fileRef = 905749091D2801840003ABF0 /* BaseGameEntity.cpp */; };
		905749251D2805080003ABF0 /* BaseGameEntity.h in Sources */ = {isa = PBXBuildFile; fileRef = 9057490A1D2801840003ABF0 /* BaseGameEntity.h */; };
		905749261D2805080003ABF0 /* Debug.h in Sources */ = {isa = PBXBuildFile; fileRef = 9057490B1D2801840003ABF0 /* Debug.h */; };
		905749271D2805080003ABF0 /* EntityManager.cpp in Sources */ = {isa = PBXBuildFile; fileRef = 9057490C1D2801840003ABF0 /* EntityManager.cpp */; };
		905749281D2805080003ABF0 /* EntityManager.h in Sources */ = {isa = PBXBuildFile; fileRef = 9057490D1D2801840003ABF0 /* EntityManager.h */; };
		905749291D2805080003ABF0 /* EntityNames.h in Sources */ = {isa = PBXBuildFile; fileRef = 9057490E1D2801840003ABF0 /* EntityNames.h */; };
		9057492A1D2805080003ABF0 /* Locations.h in Sources */ = {isa = PBXBuildFile; fileRef = 9057490F1D2801840003ABF0 /* Locations.h */; };
		9057492B1D2805080003ABF0 /* main.cpp in Sources */ = {isa = PBXBuildFile; fileRef = 905749101D2801840003ABF0 /* main.cpp */; };
		9057492C1D2805080003ABF0 /* MessageType.h in Sources */ = {isa = PBXBuildFile; fileRef = 905749111D2801840003ABF0 /* MessageType.h */; };
		9057492D1D2805080003ABF0 /* Miner.cpp in Sources */ = {isa = PBXBuildFile; fileRef = 905749121D2801840003ABF0 /* Miner.cpp */; };
		9057492E1D2805080003ABF0 /* Miner.h in Sources */ = {isa = PBXBuildFile; fileRef = 905749131D2801840003ABF0 /* Miner.h */; };
		9057492F1D2805080003ABF0 /* MinerOwnedStates.cpp in Sources */ = {isa = PBXBuildFile; fileRef = 905749141D2801840003ABF0 /* MinerOwnedStates.cpp */; };
		905749301D2805080003ABF0 /* MinerOwnedStates.h in Sources */ = {isa = PBXBuildFile; fileRef = 905749151D2801840003ABF0 /* MinerOwnedStates.h */; };
		905749311D2805080003ABF0 /* MyClass.cpp in Sources */ = {isa = PBXBuildFile; fileRef = 905749161D2801840003ABF0 /* MyClass.cpp */; };
		905749321D2805080003ABF0 /* MyClass.h in Sources */ = {isa = PBXBuildFile; fileRef = 905749171D2801840003ABF0 /* MyClass.h */; };
		905749331D28050E0003ABF0 /* State.h in Sources */ = {isa = PBXBuildFile; fileRef = 905749231D28048C0003ABF0 /* State.h */; };
		905749381D2806F60003ABF0 /* MessageDispatcher.cpp in Sources */ = {isa = PBXBuildFile; fileRef = 905749361D2806F60003ABF0 /* MessageDispatcher.cpp */; };
		9057493A1D2813220003ABF0 /* Telegram.h in Sources */ = {isa = PBXBuildFile; fileRef = 905749351D28063F0003ABF0 /* Telegram.h */; };
/* End PBXBuildFile section */

/* Begin PBXCopyFilesBuildPhase section */
		903781111D26CDA500707915 /* CopyFiles */ = {
			isa = PBXCopyFilesBuildPhase;
			buildActionMask = 2147483647;
			dstPath = /usr/share/man/man1/;
			dstSubfolderSpec = 0;
			files = (
			);
			runOnlyForDeploymentPostprocessing = 1;
		};
		905748C81D27FC8A0003ABF0 /* CopyFiles */ = {
			isa = PBXCopyFilesBuildPhase;
			buildActionMask = 2147483647;
			dstPath = /usr/share/man/man1/;
			dstSubfolderSpec = 0;
			files = (
			);
			runOnlyForDeploymentPostprocessing = 1;
		};
/* End PBXCopyFilesBuildPhase section */

/* Begin PBXFileReference section */
		903781131D26CDA500707915 /* ai-game */ = {isa = PBXFileReference; explicitFileType = "compiled.mach-o.executable"; includeInIndex = 0; path = "ai-game"; sourceTree = BUILT_PRODUCTS_DIR; };
		905748CC1D27FC8A0003ABF0 /* west-world-with-message */ = {isa = PBXFileReference; explicitFileType = "compiled.mach-o.executable"; includeInIndex = 0; path = "west-world-with-message"; sourceTree = BUILT_PRODUCTS_DIR; };
		905748F51D2801540003ABF0 /* BaseGameEntity.cpp */ = {isa = PBXFileReference; fileEncoding = 4; lastKnownFileType = sourcecode.cpp.cpp; name = BaseGameEntity.cpp; path = "source/west-world/BaseGameEntity.cpp"; sourceTree = SOURCE_ROOT; };
		905748F61D2801540003ABF0 /* BaseGameEntity.h */ = {isa = PBXFileReference; fileEncoding = 4; lastKnownFileType = sourcecode.c.h; name = BaseGameEntity.h; path = "source/west-world/BaseGameEntity.h"; sourceTree = SOURCE_ROOT; };
		905748F71D2801540003ABF0 /* Debug.h */ = {isa = PBXFileReference; fileEncoding = 4; lastKnownFileType = sourcecode.c.h; name = Debug.h; path = "source/west-world/Debug.h"; sourceTree = SOURCE_ROOT; };
		905748F81D2801540003ABF0 /* EntityNames.h */ = {isa = PBXFileReference; fileEncoding = 4; lastKnownFileType = sourcecode.c.h; name = EntityNames.h; path = "source/west-world/EntityNames.h"; sourceTree = SOURCE_ROOT; };
		905748F91D2801540003ABF0 /* Locations.h */ = {isa = PBXFileReference; fileEncoding = 4; lastKnownFileType = sourcecode.c.h; name = Locations.h; path = "source/west-world/Locations.h"; sourceTree = SOURCE_ROOT; };
		905748FA1D2801540003ABF0 /* main.cpp */ = {isa = PBXFileReference; fileEncoding = 4; lastKnownFileType = sourcecode.cpp.cpp; name = main.cpp; path = "source/west-world/main.cpp"; sourceTree = SOURCE_ROOT; };
		905748FB1D2801540003ABF0 /* Miner.cpp */ = {isa = PBXFileReference; fileEncoding = 4; lastKnownFileType = sourcecode.cpp.cpp; name = Miner.cpp; path = "source/west-world/Miner.cpp"; sourceTree = SOURCE_ROOT; };
		905748FC1D2801540003ABF0 /* Miner.h */ = {isa = PBXFileReference; fileEncoding = 4; lastKnownFileType = sourcecode.c.h; name = Miner.h; path = "source/west-world/Miner.h"; sourceTree = SOURCE_ROOT; };
		905748FD1D2801540003ABF0 /* MinerOwnedStates.cpp */ = {isa = PBXFileReference; fileEncoding = 4; lastKnownFileType = sourcecode.cpp.cpp; name = MinerOwnedStates.cpp; path = "source/west-world/MinerOwnedStates.cpp"; sourceTree = SOURCE_ROOT; };
		905748FE1D2801540003ABF0 /* MinerOwnedStates.h */ = {isa = PBXFileReference; fileEncoding = 4; lastKnownFileType = sourcecode.c.h; name = MinerOwnedStates.h; path = "source/west-world/MinerOwnedStates.h"; sourceTree = SOURCE_ROOT; };
		905748FF1D2801540003ABF0 /* MyClass.cpp */ = {isa = PBXFileReference; fileEncoding = 4; lastKnownFileType = sourcecode.cpp.cpp; name = MyClass.cpp; path = "source/west-world/MyClass.cpp"; sourceTree = SOURCE_ROOT; };
		905749001D2801540003ABF0 /* MyClass.h */ = {isa = PBXFileReference; fileEncoding = 4; lastKnownFileType = sourcecode.c.h; name = MyClass.h; path = "source/west-world/MyClass.h"; sourceTree = SOURCE_ROOT; };
		905749011D2801540003ABF0 /* State.cpp */ = {isa = PBXFileReference; fileEncoding = 4; lastKnownFileType = sourcecode.cpp.cpp; name = State.cpp; path = "source/west-world/State.cpp"; sourceTree = SOURCE_ROOT; };
		905749021D2801540003ABF0 /* State.h */ = {isa = PBXFileReference; fileEncoding = 4; lastKnownFileType = sourcecode.c.h; name = State.h; path = "source/west-world/State.h"; sourceTree = SOURCE_ROOT; };
		905749091D2801840003ABF0 /* BaseGameEntity.cpp */ = {isa = PBXFileReference; fileEncoding = 4; lastKnownFileType = sourcecode.cpp.cpp; name = BaseGameEntity.cpp; path = "source/west-world-with-message/BaseGameEntity.cpp"; sourceTree = "<group>"; };
		9057490A1D2801840003ABF0 /* BaseGameEntity.h */ = {isa = PBXFileReference; fileEncoding = 4; lastKnownFileType = sourcecode.c.h; name = BaseGameEntity.h; path = "source/west-world-with-message/BaseGameEntity.h"; sourceTree = "<group>"; };
		9057490B1D2801840003ABF0 /* Debug.h */ = {isa = PBXFileReference; fileEncoding = 4; lastKnownFileType = sourcecode.c.h; name = Debug.h; path = "source/west-world-with-message/Debug.h"; sourceTree = "<group>"; };
		9057490C1D2801840003ABF0 /* EntityManager.cpp */ = {isa = PBXFileReference; fileEncoding = 4; lastKnownFileType = sourcecode.cpp.cpp; name = EntityManager.cpp; path = "source/west-world-with-message/EntityManager.cpp"; sourceTree = "<group>"; };
		9057490D1D2801840003ABF0 /* EntityManager.h */ = {isa = PBXFileReference; fileEncoding = 4; lastKnownFileType = sourcecode.c.h; name = EntityManager.h; path = "source/west-world-with-message/EntityManager.h"; sourceTree = "<group>"; };
		9057490E1D2801840003ABF0 /* EntityNames.h */ = {isa = PBXFileReference; fileEncoding = 4; lastKnownFileType = sourcecode.c.h; name = EntityNames.h; path = "source/west-world-with-message/EntityNames.h"; sourceTree = "<group>"; };
		9057490F1D2801840003ABF0 /* Locations.h */ = {isa = PBXFileReference; fileEncoding = 4; lastKnownFileType = sourcecode.c.h; name = Locations.h; path = "source/west-world-with-message/Locations.h"; sourceTree = "<group>"; };
		905749101D2801840003ABF0 /* main.cpp */ = {isa = PBXFileReference; fileEncoding = 4; lastKnownFileType = sourcecode.cpp.cpp; name = main.cpp; path = "source/west-world-with-message/main.cpp"; sourceTree = "<group>"; };
		905749111D2801840003ABF0 /* MessageType.h */ = {isa = PBXFileReference; fileEncoding = 4; lastKnownFileType = sourcecode.c.h; name = MessageType.h; path = "source/west-world-with-message/MessageType.h"; sourceTree = "<group>"; };
		905749121D2801840003ABF0 /* Miner.cpp */ = {isa = PBXFileReference; fileEncoding = 4; lastKnownFileType = sourcecode.cpp.cpp; name = Miner.cpp; path = "source/west-world-with-message/Miner.cpp"; sourceTree = "<group>"; };
		905749131D2801840003ABF0 /* Miner.h */ = {isa = PBXFileReference; fileEncoding = 4; lastKnownFileType = sourcecode.c.h; name = Miner.h; path = "source/west-world-with-message/Miner.h"; sourceTree = "<group>"; };
		905749141D2801840003ABF0 /* MinerOwnedStates.cpp */ = {isa = PBXFileReference; fileEncoding = 4; lastKnownFileType = sourcecode.cpp.cpp; name = MinerOwnedStates.cpp; path = "source/west-world-with-message/MinerOwnedStates.cpp"; sourceTree = "<group>"; };
		905749151D2801840003ABF0 /* MinerOwnedStates.h */ = {isa = PBXFileReference; fileEncoding = 4; lastKnownFileType = sourcecode.c.h; name = MinerOwnedStates.h; path = "source/west-world-with-message/MinerOwnedStates.h"; sourceTree = "<group>"; };
		905749161D2801840003ABF0 /* MyClass.cpp */ = {isa = PBXFileReference; fileEncoding = 4; lastKnownFileType = sourcecode.cpp.cpp; name = MyClass.cpp; path = "source/west-world-with-message/MyClass.cpp"; sourceTree = "<group>"; };
		905749171D2801840003ABF0 /* MyClass.h */ = {isa = PBXFileReference; fileEncoding = 4; lastKnownFileType = sourcecode.c.h; name = MyClass.h; path = "source/west-world-with-message/MyClass.h"; sourceTree = "<group>"; };
		905749231D28048C0003ABF0 /* State.h */ = {isa = PBXFileReference; fileEncoding = 4; lastKnownFileType = sourcecode.c.h; name = State.h; path = source/Common/FSM/State.h; sourceTree = "<group>"; };
		905749351D28063F0003ABF0 /* Telegram.h */ = {isa = PBXFileReference; fileEncoding = 4; lastKnownFileType = sourcecode.c.h; name = Telegram.h; path = source/Common/Message/Telegram.h; sourceTree = "<group>"; };
		905749361D2806F60003ABF0 /* MessageDispatcher.cpp */ = {isa = PBXFileReference; fileEncoding = 4; lastKnownFileType = sourcecode.cpp.cpp; name = MessageDispatcher.cpp; path = source/Common/Message/MessageDispatcher.cpp; sourceTree = "<group>"; };
		905749371D2806F60003ABF0 /* MessageDispatcher.h */ = {isa = PBXFileReference; fileEncoding = 4; lastKnownFileType = sourcecode.c.h; name = MessageDispatcher.h; path = source/Common/Message/MessageDispatcher.h; sourceTree = "<group>"; };
		905749391D280B580003ABF0 /* StateMachine.h */ = {isa = PBXFileReference; fileEncoding = 4; lastKnownFileType = sourcecode.c.h; name = StateMachine.h; path = source/Common/FSM/StateMachine.h; sourceTree = "<group>"; };
/* End PBXFileReference section */

/* Begin PBXFrameworksBuildPhase section */
		903781101D26CDA500707915 /* Frameworks */ = {
			isa = PBXFrameworksBuildPhase;
			buildActionMask = 2147483647;
			files = (
			);
			runOnlyForDeploymentPostprocessing = 0;
		};
		905748C71D27FC8A0003ABF0 /* Frameworks */ = {
			isa = PBXFrameworksBuildPhase;
			buildActionMask = 2147483647;
			files = (
			);
			runOnlyForDeploymentPostprocessing = 0;
		};
/* End PBXFrameworksBuildPhase section */

/* Begin PBXGroup section */
		9037810A1D26CDA500707915 = {
			isa = PBXGroup;
			children = (
				903781151D26CDA500707915 /* west-world */,
				90EA42421D27FB79008DC7C5 /* west-world-with-message */,
				905748F41D27FD490003ABF0 /* Common */,
				903781141D26CDA500707915 /* Products */,
			);
			sourceTree = "<group>";
		};
		903781141D26CDA500707915 /* Products */ = {
			isa = PBXGroup;
			children = (
				903781131D26CDA500707915 /* ai-game */,
				905748CC1D27FC8A0003ABF0 /* west-world-with-message */,
			);
			name = Products;
			sourceTree = "<group>";
		};
		903781151D26CDA500707915 /* west-world */ = {
			isa = PBXGroup;
			children = (
				905748F51D2801540003ABF0 /* BaseGameEntity.cpp */,
				905748F61D2801540003ABF0 /* BaseGameEntity.h */,
				905748F71D2801540003ABF0 /* Debug.h */,
				905748F81D2801540003ABF0 /* EntityNames.h */,
				905748F91D2801540003ABF0 /* Locations.h */,
				905748FA1D2801540003ABF0 /* main.cpp */,
				905748FB1D2801540003ABF0 /* Miner.cpp */,
				905748FC1D2801540003ABF0 /* Miner.h */,
				905748FD1D2801540003ABF0 /* MinerOwnedStates.cpp */,
				905748FE1D2801540003ABF0 /* MinerOwnedStates.h */,
				905748FF1D2801540003ABF0 /* MyClass.cpp */,
				905749001D2801540003ABF0 /* MyClass.h */,
				905749011D2801540003ABF0 /* State.cpp */,
				905749021D2801540003ABF0 /* State.h */,
			);
			name = "west-world";
			path = WestWorld;
			sourceTree = "<group>";
		};
		905748F41D27FD490003ABF0 /* Common */ = {
			isa = PBXGroup;
			children = (
				905749341D2805E30003ABF0 /* Message */,
				905749221D28044D0003ABF0 /* FSM */,
			);
			name = Common;
			sourceTree = "<group>";
		};
		905749221D28044D0003ABF0 /* FSM */ = {
			isa = PBXGroup;
			children = (
				905749231D28048C0003ABF0 /* State.h */,
				905749391D280B580003ABF0 /* StateMachine.h */,
			);
			name = FSM;
			sourceTree = "<group>";
		};
		905749341D2805E30003ABF0 /* Message */ = {
			isa = PBXGroup;
			children = (
				905749351D28063F0003ABF0 /* Telegram.h */,
				905749361D2806F60003ABF0 /* MessageDispatcher.cpp */,
				905749371D2806F60003ABF0 /* MessageDispatcher.h */,
			);
			name = Message;
			sourceTree = "<group>";
		};
		90EA42421D27FB79008DC7C5 /* west-world-with-message */ = {
			isa = PBXGroup;
			children = (
				905749091D2801840003ABF0 /* BaseGameEntity.cpp */,
				9057490A1D2801840003ABF0 /* BaseGameEntity.h */,
				9057490B1D2801840003ABF0 /* Debug.h */,
				9057490C1D2801840003ABF0 /* EntityManager.cpp */,
				9057490D1D2801840003ABF0 /* EntityManager.h */,
				9057490E1D2801840003ABF0 /* EntityNames.h */,
				9057490F1D2801840003ABF0 /* Locations.h */,
				905749101D2801840003ABF0 /* main.cpp */,
				905749111D2801840003ABF0 /* MessageType.h */,
				905749121D2801840003ABF0 /* Miner.cpp */,
				905749131D2801840003ABF0 /* Miner.h */,
				905749141D2801840003ABF0 /* MinerOwnedStates.cpp */,
				905749151D2801840003ABF0 /* MinerOwnedStates.h */,
				905749161D2801840003ABF0 /* MyClass.cpp */,
				905749171D2801840003ABF0 /* MyClass.h */,
			);
			name = "west-world-with-message";
			sourceTree = "<group>";
		};
/* End PBXGroup section */

/* Begin PBXNativeTarget section */
		903781121D26CDA500707915 /* west-world */ = {
			isa = PBXNativeTarget;
			buildConfigurationList = 9037811A1D26CDA500707915 /* Build configuration list for PBXNativeTarget "west-world" */;
			buildPhases = (
				9037810F1D26CDA500707915 /* Sources */,
				903781101D26CDA500707915 /* Frameworks */,
				903781111D26CDA500707915 /* CopyFiles */,
			);
			buildRules = (
			);
			dependencies = (
			);
			name = "west-world";
			productName = WestWorld;
			productReference = 903781131D26CDA500707915 /* ai-game */;
			productType = "com.apple.product-type.tool";
		};
		905748BE1D27FC8A0003ABF0 /* west-world-with-message */ = {
			isa = PBXNativeTarget;
			buildConfigurationList = 905748C91D27FC8A0003ABF0 /* Build configuration list for PBXNativeTarget "west-world-with-message" */;
			buildPhases = (
				905748BF1D27FC8A0003ABF0 /* Sources */,
				905748C71D27FC8A0003ABF0 /* Frameworks */,
				905748C81D27FC8A0003ABF0 /* CopyFiles */,
			);
			buildRules = (
			);
			dependencies = (
			);
			name = "west-world-with-message";
			productName = WestWorld;
			productReference = 905748CC1D27FC8A0003ABF0 /* west-world-with-message */;
			productType = "com.apple.product-type.tool";
		};
/* End PBXNativeTarget section */

/* Begin PBXProject section */
		9037810B1D26CDA500707915 /* Project object */ = {
			isa = PBXProject;
			attributes = {
				LastUpgradeCheck = 0720;
				ORGANIZATIONNAME = wucy;
				TargetAttributes = {
					903781121D26CDA500707915 = {
						CreatedOnToolsVersion = 7.2;
					};
				};
			};
			buildConfigurationList = 9037810E1D26CDA500707915 /* Build configuration list for PBXProject "ai-game" */;
			compatibilityVersion = "Xcode 3.2";
			developmentRegion = English;
			hasScannedForEncodings = 0;
			knownRegions = (
				en,
			);
			mainGroup = 9037810A1D26CDA500707915;
			productRefGroup = 903781141D26CDA500707915 /* Products */;
			projectDirPath = "";
			projectRoot = "";
			targets = (
				903781121D26CDA500707915 /* west-world */,
				905748BE1D27FC8A0003ABF0 /* west-world-with-message */,
			);
		};
/* End PBXProject section */

/* Begin PBXSourcesBuildPhase section */
		9037810F1D26CDA500707915 /* Sources */ = {
			isa = PBXSourcesBuildPhase;
			buildActionMask = 2147483647;
			files = (
				905749051D2801540003ABF0 /* Miner.cpp in Sources */,
				905749061D2801540003ABF0 /* MinerOwnedStates.cpp in Sources */,
				905749041D2801540003ABF0 /* main.cpp in Sources */,
				905749071D2801540003ABF0 /* MyClass.cpp in Sources */,
				905749031D2801540003ABF0 /* BaseGameEntity.cpp in Sources */,
				905749081D2801540003ABF0 /* State.cpp in Sources */,
			);
			runOnlyForDeploymentPostprocessing = 0;
		};
		905748BF1D27FC8A0003ABF0 /* Sources */ = {
			isa = PBXSourcesBuildPhase;
			buildActionMask = 2147483647;
			files = (
				9057493A1D2813220003ABF0 /* Telegram.h in Sources */,
				905749331D28050E0003ABF0 /* State.h in Sources */,
				905749241D2805080003ABF0 /* BaseGameEntity.cpp in Sources */,
				905749251D2805080003ABF0 /* BaseGameEntity.h in Sources */,
				905749261D2805080003ABF0 /* Debug.h in Sources */,
				905749271D2805080003ABF0 /* EntityManager.cpp in Sources */,
				905749281D2805080003ABF0 /* EntityManager.h in Sources */,
				905749291D2805080003ABF0 /* EntityNames.h in Sources */,
				9057492A1D2805080003ABF0 /* Locations.h in Sources */,
				9057492B1D2805080003ABF0 /* main.cpp in Sources */,
				9057492C1D2805080003ABF0 /* MessageType.h in Sources */,
				905749381D2806F60003ABF0 /* MessageDispatcher.cpp in Sources */,
				9057492D1D2805080003ABF0 /* Miner.cpp in Sources */,
				9057492E1D2805080003ABF0 /* Miner.h in Sources */,
				9057492F1D2805080003ABF0 /* MinerOwnedStates.cpp in Sources */,
				905749301D2805080003ABF0 /* MinerOwnedStates.h in Sources */,
				905749311D2805080003ABF0 /* MyClass.cpp in Sources */,
				905749321D2805080003ABF0 /* MyClass.h in Sources */,
			);
			runOnlyForDeploymentPostprocessing = 0;
		};
/* End PBXSourcesBuildPhase section */

/* Begin XCBuildConfiguration section */
		903781181D26CDA500707915 /* Debug */ = {
			isa = XCBuildConfiguration;
			buildSettings = {
				ALWAYS_SEARCH_USER_PATHS = NO;
				CLANG_CXX_LANGUAGE_STANDARD = "gnu++0x";
				CLANG_CXX_LIBRARY = "libc++";
				CLANG_ENABLE_MODULES = YES;
				CLANG_ENABLE_OBJC_ARC = YES;
				CLANG_WARN_BOOL_CONVERSION = YES;
				CLANG_WARN_CONSTANT_CONVERSION = YES;
				CLANG_WARN_DIRECT_OBJC_ISA_USAGE = YES_ERROR;
				CLANG_WARN_EMPTY_BODY = YES;
				CLANG_WARN_ENUM_CONVERSION = YES;
				CLANG_WARN_INT_CONVERSION = YES;
				CLANG_WARN_OBJC_ROOT_CLASS = YES_ERROR;
				CLANG_WARN_UNREACHABLE_CODE = YES;
				CLANG_WARN__DUPLICATE_METHOD_MATCH = YES;
				CODE_SIGN_IDENTITY = "-";
				COPY_PHASE_STRIP = NO;
				DEBUG_INFORMATION_FORMAT = dwarf;
				ENABLE_STRICT_OBJC_MSGSEND = YES;
				ENABLE_TESTABILITY = YES;
				GCC_C_LANGUAGE_STANDARD = gnu99;
				GCC_DYNAMIC_NO_PIC = NO;
				GCC_NO_COMMON_BLOCKS = YES;
				GCC_OPTIMIZATION_LEVEL = 0;
				GCC_PREPROCESSOR_DEFINITIONS = (
					"DEBUG=1",
					"$(inherited)",
				);
				GCC_WARN_64_TO_32_BIT_CONVERSION = YES;
				GCC_WARN_ABOUT_RETURN_TYPE = YES_ERROR;
				GCC_WARN_UNDECLARED_SELECTOR = YES;
				GCC_WARN_UNINITIALIZED_AUTOS = YES_AGGRESSIVE;
				GCC_WARN_UNUSED_FUNCTION = YES;
				GCC_WARN_UNUSED_VARIABLE = YES;
				MACOSX_DEPLOYMENT_TARGET = 10.10;
				MTL_ENABLE_DEBUG_INFO = YES;
				ONLY_ACTIVE_ARCH = YES;
				SDKROOT = macosx;
			};
			name = Debug;
		};
		903781191D26CDA500707915 /* Release */ = {
			isa = XCBuildConfiguration;
			buildSettings = {
				ALWAYS_SEARCH_USER_PATHS = NO;
				CLANG_CXX_LANGUAGE_STANDARD = "gnu++0x";
				CLANG_CXX_LIBRARY = "libc++";
				CLANG_ENABLE_MODULES = YES;
				CLANG_ENABLE_OBJC_ARC = YES;
				CLANG_WARN_BOOL_CONVERSION = YES;
				CLANG_WARN_CONSTANT_CONVERSION = YES;
				CLANG_WARN_DIRECT_OBJC_ISA_USAGE = YES_ERROR;
				CLANG_WARN_EMPTY_BODY = YES;
				CLANG_WARN_ENUM_CONVERSION = YES;
				CLANG_WARN_INT_CONVERSION = YES;
				CLANG_WARN_OBJC_ROOT_CLASS = YES_ERROR;
				CLANG_WARN_UNREACHABLE_CODE = YES;
				CLANG_WARN__DUPLICATE_METHOD_MATCH = YES;
				CODE_SIGN_IDENTITY = "-";
				COPY_PHASE_STRIP = NO;
				DEBUG_INFORMATION_FORMAT = "dwarf-with-dsym";
				ENABLE_NS_ASSERTIONS = NO;
				ENABLE_STRICT_OBJC_MSGSEND = YES;
				GCC_C_LANGUAGE_STANDARD = gnu99;
				GCC_NO_COMMON_BLOCKS = YES;
				GCC_WARN_64_TO_32_BIT_CONVERSION = YES;
				GCC_WARN_ABOUT_RETURN_TYPE = YES_ERROR;
				GCC_WARN_UNDECLARED_SELECTOR = YES;
				GCC_WARN_UNINITIALIZED_AUTOS = YES_AGGRESSIVE;
				GCC_WARN_UNUSED_FUNCTION = YES;
				GCC_WARN_UNUSED_VARIABLE = YES;
				MACOSX_DEPLOYMENT_TARGET = 10.10;
				MTL_ENABLE_DEBUG_INFO = NO;
				SDKROOT = macosx;
			};
			name = Release;
		};
		9037811B1D26CDA500707915 /* Debug */ = {
			isa = XCBuildConfiguration;
			buildSettings = {
				PRODUCT_NAME = "ai-game";
			};
			name = Debug;
		};
		9037811C1D26CDA500707915 /* Release */ = {
			isa = XCBuildConfiguration;
			buildSettings = {
				PRODUCT_NAME = "ai-game";
			};
			name = Release;
		};
		905748CA1D27FC8A0003ABF0 /* Debug */ = {
			isa = XCBuildConfiguration;
			buildSettings = {
				PRODUCT_NAME = "$(TARGET_NAME)";
			};
			name = Debug;
		};
		905748CB1D27FC8A0003ABF0 /* Release */ = {
			isa = XCBuildConfiguration;
			buildSettings = {
				PRODUCT_NAME = "$(TARGET_NAME)";
			};
			name = Release;
		};
/* End XCBuildConfiguration section */

/* Begin XCConfigurationList section */
		9037810E1D26CDA500707915 /* Build configuration list for PBXProject "ai-game" */ = {
			isa = XCConfigurationList;
			buildConfigurations = (
				903781181D26CDA500707915 /* Debug */,
				903781191D26CDA500707915 /* Release */,
			);
			defaultConfigurationIsVisible = 0;
			defaultConfigurationName = Release;
		};
		9037811A1D26CDA500707915 /* Build configuration list for PBXNativeTarget "west-world" */ = {
			isa = XCConfigurationList;
			buildConfigurations = (
				9037811B1D26CDA500707915 /* Debug */,
				9037811C1D26CDA500707915 /* Release */,
			);
			defaultConfigurationIsVisible = 0;
			defaultConfigurationName = Release;
		};
		905748C91D27FC8A0003ABF0 /* Build configuration list for PBXNativeTarget "west-world-with-message" */ = {
			isa = XCConfigurationList;
			buildConfigurations = (
				905748CA1D27FC8A0003ABF0 /* Debug */,
				905748CB1D27FC8A0003ABF0 /* Release */,
			);
			defaultConfigurationIsVisible = 0;
			defaultConfigurationName = Release;
		};
/* End XCConfigurationList section */
	};
	rootObject = 9037810B1D26CDA500707915 /* Project object */;
}
